
Microsoft Visual Studio Solution File, Format Version 12.00
# Visual Studio Version 17
VisualStudioVersion = 17.1.32210.238
MinimumVisualStudioVersion = 10.0.40219.1
Project("{FAE04EC0-301F-11D3-BF4B-00C04F79EFBC}") = "Zespolona", "Zespolona\Zespolona.csproj", "{73E13400-A476-4F59-B226-8743565EFD69}"
EndProject
Project("{FAE04EC0-301F-11D3-BF4B-00C04F79EFBC}") = "Silnia", "Silnia\Silnia.csproj", "{D29B6BC6-E021-4253-8C2D-FA25AA9B7AE2}"
EndProject
Project("{FAE04EC0-301F-11D3-BF4B-00C04F79EFBC}") = "Logarytm_e", "Logarytm_e\Logarytm_e.csproj", "{931C0793-B53B-4F45-A93C-CC594BF41840}"
EndProject
Project("{FAE04EC0-301F-11D3-BF4B-00C04F79EFBC}") = "ControlMenu", "ControlMenu\ControlMenu.csproj", "{FB74F8DF-A306-43AF-B49C-AD1EF2283CA6}"
EndProject
Global
	GlobalSection(SolutionConfigurationPlatforms) = preSolution
		Debug|Any CPU = Debug|Any CPU
		Release|Any CPU = Release|Any CPU
	EndGlobalSection
	GlobalSection(ProjectConfigurationPlatforms) = postSolution
		{73E13400-A476-4F59-B226-8743565EFD69}.Debug|Any CPU.ActiveCfg = Debug|Any CPU
		{73E13400-A476-4F59-B226-8743565EFD69}.Debug|Any CPU.Build.0 = Debug|Any CPU
		{73E13400-A476-4F59-B226-8743565EFD69}.Release|Any CPU.ActiveCfg = Release|Any CPU
		{73E13400-A476-4F59-B226-8743565EFD69}.Release|Any CPU.Build.0 = Release|Any CPU
		{D29B6BC6-E021-4253-8C2D-FA25AA9B7AE2}.Debug|Any CPU.ActiveCfg = Debug|Any CPU
		{D29B6BC6-E021-4253-8C2D-FA25AA9B7AE2}.Debug|Any CPU.Build.0 = Debug|Any CPU
		{D29B6BC6-E021-4253-8C2D-FA25AA9B7AE2}.Release|Any CPU.ActiveCfg = Release|Any CPU
		{D29B6BC6-E021-4253-8C2D-FA25AA9B7AE2}.Release|Any CPU.Build.0 = Release|Any CPU
		{931C0793-B53B-4F45-A93C-CC594BF41840}.Debug|Any CPU.ActiveCfg = Debug|Any CPU
		{931C0793-B53B-4F45-A93C-CC594BF41840}.Debug|Any CPU.Build.0 = Debug|Any CPU
		{931C0793-B53B-4F45-A93C-CC594BF41840}.Release|Any CPU.ActiveCfg = Release|Any CPU
		{931C0793-B53B-4F45-A93C-CC594BF41840}.Release|Any CPU.Build.0 = Release|Any CPU
		{FB74F8DF-A306-43AF-B49C-AD1EF2283CA6}.Debug|Any CPU.ActiveCfg = Debug|Any CPU
		{FB74F8DF-A306-43AF-B49C-AD1EF2283CA6}.Debug|Any CPU.Build.0 = Debug|Any CPU
		{FB74F8DF-A306-43AF-B49C-AD1EF2283CA6}.Release|Any CPU.ActiveCfg = Release|Any CPU
		{FB74F8DF-A306-43AF-B49C-AD1EF2283CA6}.Release|Any CPU.Build.0 = Release|Any CPU
	EndGlobalSection
	GlobalSection(SolutionProperties) = preSolution
		HideSolutionNode = FALSE
	EndGlobalSection
	GlobalSection(ExtensibilityGlobals) = postSolution
		SolutionGuid = {2DAE9594-93F8-44D1-BB63-A8ED3EE7C8D4}
	EndGlobalSection
EndGlobal
